
Microsoft Visual Studio Solution File, Format Version 12.00
# Visual Studio Version 17
VisualStudioVersion = 17.7.34031.279
MinimumVisualStudioVersion = 10.0.40219.1
Project("{FAE04EC0-301F-11D3-BF4B-00C04F79EFBC}") = "An.World", "An.World\An.World.csproj", "{30593769-404F-47AE-848B-A82C9AD81C01}"
EndProject
Global
	GlobalSection(SolutionConfigurationPlatforms) = preSolution
		Debug|Any CPU = Debug|Any CPU
		Release|Any CPU = Release|Any CPU
	EndGlobalSection
	GlobalSection(ProjectConfigurationPlatforms) = postSolution
		{30593769-404F-47AE-848B-A82C9AD81C01}.Debug|Any CPU.ActiveCfg = Debug|Any CPU
		{30593769-404F-47AE-848B-A82C9AD81C01}.Debug|Any CPU.Build.0 = Debug|Any CPU
		{30593769-404F-47AE-848B-A82C9AD81C01}.Release|Any CPU.ActiveCfg = Release|Any CPU
		{30593769-404F-47AE-848B-A82C9AD81C01}.Release|Any CPU.Build.0 = Release|Any CPU
	EndGlobalSection
	GlobalSection(SolutionProperties) = preSolution
		HideSolutionNode = FALSE
	EndGlobalSection
	GlobalSection(ExtensibilityGlobals) = postSolution
		SolutionGuid = {DD9BBC10-6E13-43CE-891A-ECBFE248657F}
	EndGlobalSection
EndGlobal
